<?xml version="1.0" encoding="utf-8"?>
<Project ToolsVersion="4.0" xmlns="http://schemas.microsoft.com/developer/msbuild/2003">
  <ItemGroup>
    <Filter Include="Source Files">
      <UniqueIdentifier>{4FC737F1-C7A5-4376-A066-2A32D752A2FF}</UniqueIdentifier>
      <Extensions>cpp;c;cc;cxx;c++;cppm;ixx;def;odl;idl;hpj;bat;asm;asmx</Extensions>
    </Filter>
    <Filter Include="Header Files">
      <UniqueIdentifier>{93995380-89BD-4b04-88EB-625FBE52EBFB}</UniqueIdentifier>
      <Extensions>h;hh;hpp;hxx;h++;hm;inl;inc;ipp;xsd</Extensions>
    </Filter>
    <Filter Include="Resource Files">
      <UniqueIdentifier>{67DA6AB6-F800-4c08-8B7A-83BB121AAD01}</UniqueIdentifier>
      <Extensions>rc;ico;cur;bmp;dlg;rc2;rct;bin;rgs;gif;jpg;jpeg;jpe;resx;tiff;tif;png;wav;mfcribbon-ms</Extensions>
    </Filter>
    <Filter Include="Source Files\DDS">
      <UniqueIdentifier>{bd321b1f-477d-4a7c-a94a-a9b792c00874}</UniqueIdentifier>
    </Filter>
    <Filter Include="Source Files\CoACD">
      <UniqueIdentifier>{0fdf559c-cbc4-4d19-80f3-d649df62b4c0}</UniqueIdentifier>
    </Filter>
  </ItemGroup>
  <ItemGroup>
    <ClInclude Include="framework.h">
      <Filter>Header Files</Filter>
    </ClInclude>
    <ClInclude Include="pch.h">
      <Filter>Header Files</Filter>
    </ClInclude>
    <ClInclude Include="include\System\FbxCompiler.h">
      <Filter>Header Files</Filter>
    </ClInclude>
    <ClInclude Include="include\System\AssetManager.h">
      <Filter>Header Files</Filter>
    </ClInclude>
    <ClInclude Include="include\System\Mesh.h">
      <Filter>Header Files</Filter>
    </ClInclude>
    <ClInclude Include="include\System\PteroMeshFormat.h">
      <Filter>Header Files</Filter>
    </ClInclude>
    <ClInclude Include="include\System\SystemAssetApi.h">
      <Filter>Header Files</Filter>
    </ClInclude>
    <ClInclude Include="MaterialEditor.h">
      <Filter>Header Files</Filter>
    </ClInclude>
    <ClInclude Include="include\System\TextureImporter.h">
      <Filter>Header Files</Filter>
    </ClInclude>
    <ClInclude Include="include\System\CollisionGenerator.h">
      <Filter>Header Files</Filter>
    </ClInclude>
    <ClInclude Include="resource.h">
      <Filter>Header Files</Filter>
    </ClInclude>
  </ItemGroup>
  <ItemGroup>
    <ClCompile Include="dllmain.cpp">
      <Filter>Source Files</Filter>
    </ClCompile>
    <ClCompile Include="pch.cpp">
      <Filter>Source Files</Filter>
    </ClCompile>
    <ClCompile Include="src\FbxCompiler.cpp">
      <Filter>Source Files</Filter>
    </ClCompile>
    <ClCompile Include="src\AssetManager.cpp">
      <Filter>Source Files</Filter>
    </ClCompile>
    <ClCompile Include="src\SystemAssetApi.cpp">
      <Filter>Source Files</Filter>
    </ClCompile>
    <ClCompile Include="MaterialEditor.cpp">
      <Filter>Source Files</Filter>
    </ClCompile>
    <ClCompile Include="src\TextureImporter.cpp">
      <Filter>Source Files</Filter>
    </ClCompile>
    <ClCompile Include="..\SDKs\DirectXTex\DirectXTex\BC.cpp">
      <Filter>Source Files\DDS</Filter>
    </ClCompile>
    <ClCompile Include="..\SDKs\DirectXTex\DirectXTex\BC4BC5.cpp">
      <Filter>Source Files\DDS</Filter>
    </ClCompile>
    <ClCompile Include="..\SDKs\DirectXTex\DirectXTex\BC6HBC7.cpp">
      <Filter>Source Files\DDS</Filter>
    </ClCompile>
    <ClCompile Include="..\SDKs\DirectXTex\DirectXTex\DirectXTexCompress.cpp">
      <Filter>Source Files\DDS</Filter>
    </ClCompile>
    <ClCompile Include="..\SDKs\DirectXTex\DirectXTex\DirectXTexConvert.cpp">
      <Filter>Source Files\DDS</Filter>
    </ClCompile>
    <ClCompile Include="..\SDKs\DirectXTex\DirectXTex\DirectXTexDDS.cpp">
      <Filter>Source Files\DDS</Filter>
    </ClCompile>
    <ClCompile Include="..\SDKs\DirectXTex\DirectXTex\DirectXTexFlipRotate.cpp">
      <Filter>Source Files\DDS</Filter>
    </ClCompile>
    <ClCompile Include="..\SDKs\DirectXTex\DirectXTex\DirectXTexHDR.cpp">
      <Filter>Source Files\DDS</Filter>
    </ClCompile>
    <ClCompile Include="..\SDKs\DirectXTex\DirectXTex\DirectXTexImage.cpp">
      <Filter>Source Files\DDS</Filter>
    </ClCompile>
    <ClCompile Include="..\SDKs\DirectXTex\DirectXTex\DirectXTexMipmaps.cpp">
      <Filter>Source Files\DDS</Filter>
    </ClCompile>
    <ClCompile Include="..\SDKs\DirectXTex\DirectXTex\DirectXTexMisc.cpp">
      <Filter>Source Files\DDS</Filter>
    </ClCompile>
    <ClCompile Include="..\SDKs\DirectXTex\DirectXTex\DirectXTexPMAlpha.cpp">
      <Filter>Source Files\DDS</Filter>
    </ClCompile>
    <ClCompile Include="..\SDKs\DirectXTex\DirectXTex\DirectXTexResize.cpp">
      <Filter>Source Files\DDS</Filter>
    </ClCompile>
    <ClCompile Include="..\SDKs\DirectXTex\DirectXTex\DirectXTexTGA.cpp">
      <Filter>Source Files\DDS</Filter>
    </ClCompile>
    <ClCompile Include="..\SDKs\DirectXTex\DirectXTex\DirectXTexUtil.cpp">
      <Filter>Source Files\DDS</Filter>
    </ClCompile>
    <ClCompile Include="..\SDKs\DirectXTex\DirectXTex\DirectXTexWIC.cpp">
      <Filter>Source Files\DDS</Filter>
    </ClCompile>
    <ClCompile Include="src\CollisionGenerator.cpp">
      <Filter>Source Files</Filter>
    </ClCompile>
    <ClCompile Include="..\SDKs\meshoptimizer\src\allocator.cpp">
      <Filter>Source Files\CoACD</Filter>
    </ClCompile>
    <ClCompile Include="..\SDKs\meshoptimizer\src\clusterizer.cpp">
      <Filter>Source Files\CoACD</Filter>
    </ClCompile>
    <ClCompile Include="..\SDKs\meshoptimizer\src\indexanalyzer.cpp">
      <Filter>Source Files\CoACD</Filter>
    </ClCompile>
    <ClCompile Include="..\SDKs\meshoptimizer\src\indexcodec.cpp">
      <Filter>Source Files\CoACD</Filter>
    </ClCompile>
    <ClCompile Include="..\SDKs\meshoptimizer\src\indexgenerator.cpp">
      <Filter>Source Files\CoACD</Filter>
    </ClCompile>
    <ClCompile Include="..\SDKs\meshoptimizer\src\meshletcodec.cpp">
      <Filter>Source Files\CoACD</Filter>
    </ClCompile>
    <ClCompile Include="..\SDKs\meshoptimizer\src\meshletutils.cpp">
      <Filter>Source Files\CoACD</Filter>
    </ClCompile>
    <ClCompile Include="..\SDKs\meshoptimizer\src\opacitymap.cpp">
      <Filter>Source Files\CoACD</Filter>
    </ClCompile>
    <ClCompile Include="..\SDKs\meshoptimizer\src\overdrawoptimizer.cpp">
      <Filter>Source Files\CoACD</Filter>
    </ClCompile>
    <ClCompile Include="..\SDKs\meshoptimizer\src\partition.cpp">
      <Filter>Source Files\CoACD</Filter>
    </ClCompile>
    <ClCompile Include="..\SDKs\meshoptimizer\src\quantization.cpp">
      <Filter>Source Files\CoACD</Filter>
    </ClCompile>
    <ClCompile Include="..\SDKs\meshoptimizer\src\rasterizer.cpp">
      <Filter>Source Files\CoACD</Filter>
    </ClCompile>
    <ClCompile Include="..\SDKs\meshoptimizer\src\simplifier.cpp">
      <Filter>Source Files\CoACD</Filter>
    </ClCompile>
    <ClCompile Include="..\SDKs\meshoptimizer\src\spatialorder.cpp">
      <Filter>Source Files\CoACD</Filter>
    </ClCompile>
    <ClCompile Include="..\SDKs\meshoptimizer\src\stripifier.cpp">
      <Filter>Source Files\CoACD</Filter>
    </ClCompile>
    <ClCompile Include="..\SDKs\meshoptimizer\src\vcacheoptimizer.cpp">
      <Filter>Source Files\CoACD</Filter>
    </ClCompile>
    <ClCompile Include="..\SDKs\meshoptimizer\src\vertexcodec.cpp">
      <Filter>Source Files\CoACD</Filter>
    </ClCompile>
    <ClCompile Include="..\SDKs\meshoptimizer\src\vertexfilter.cpp">
      <Filter>Source Files\CoACD</Filter>
    </ClCompile>
    <ClCompile Include="..\SDKs\meshoptimizer\src\vfetchoptimizer.cpp">
      <Filter>Source Files\CoACD</Filter>
    </ClCompile>
    <ClCompile Include="..\SDKs\CoACD\src\btConvexHull\btAlignedAllocator.cpp">
      <Filter>Source Files\CoACD</Filter>
    </ClCompile>
    <ClCompile Include="..\SDKs\CoACD\src\btConvexHull\btConvexHullComputer.cpp">
      <Filter>Source Files\CoACD</Filter>
    </ClCompile>
    <ClCompile Include="..\SDKs\CoACD\src\bvh.cpp">
      <Filter>Source Files\CoACD</Filter>
    </ClCompile>
    <ClCompile Include="..\SDKs\CoACD\src\clip.cpp">
      <Filter>Source Files\CoACD</Filter>
    </ClCompile>
    <ClCompile Include="..\SDKs\CoACD\src\cost.cpp">
      <Filter>Source Files\CoACD</Filter>
    </ClCompile>
    <ClCompile Include="..\SDKs\CoACD\public\coacd.cpp">
      <Filter>Source Files\CoACD</Filter>
    </ClCompile>
    <ClCompile Include="..\SDKs\CoACD\src\io.cpp">
      <Filter>Source Files\CoACD</Filter>
    </ClCompile>
    <ClCompile Include="..\SDKs\CoACD\src\logger.cpp">
      <Filter>Source Files\CoACD</Filter>
    </ClCompile>
    <ClCompile Include="..\SDKs\CoACD\src\mcts.cpp">
      <Filter>Source Files\CoACD</Filter>
    </ClCompile>
    <ClCompile Include="..\SDKs\CoACD\src\model_obj.cpp">
      <Filter>Source Files\CoACD</Filter>
    </ClCompile>
    <ClCompile Include="..\SDKs\CoACD\src\preprocess.cpp">
      <Filter>Source Files\CoACD</Filter>
    </ClCompile>
    <ClCompile Include="..\SDKs\CoACD\src\process.cpp">
      <Filter>Source Files\CoACD</Filter>
    </ClCompile>
    <ClCompile Include="..\SDKs\CoACD\src\quickhull\QuickHull.cpp">
      <Filter>Source Files\CoACD</Filter>
    </ClCompile>
    <ClCompile Include="..\SDKs\CoACD\src\shape.cpp">
      <Filter>Source Files\CoACD</Filter>
    </ClCompile>
    <ClCompile Include="..\SDKs\CoACD\src\sobol.cpp">
      <Filter>Source Files\CoACD</Filter>
    </ClCompile>
  </ItemGroup>
  <ItemGroup>
    <ResourceCompile Include="System.rc">
      <Filter>Resource Files</Filter>
    </ResourceCompile>
  </ItemGroup>
</Project>