<?xml version="1.0" encoding="utf-8"?>
<Project ToolsVersion="4.0" xmlns="http://schemas.microsoft.com/developer/msbuild/2003">
  <ItemGroup>
    <Filter Include="Source Files">
      <UniqueIdentifier>{4FC737F1-C7A5-4376-A066-2A32D752A2FF}</UniqueIdentifier>
    </Filter>
    <Filter Include="Header Files">
      <UniqueIdentifier>{93995380-89BD-4b04-88EB-625FBE52EBFB}</UniqueIdentifier>
    </Filter>
    <Filter Include="ThirdParty">
      <UniqueIdentifier>{6A1D5C35-1C0B-4E53-9F0E-5A3B0C1E7D21}</UniqueIdentifier>
    </Filter>
    <Filter Include="ThirdParty\libvpx">
      <UniqueIdentifier>{0B9E3C6E-8F43-4B5A-9A3D-2E6C7F1A4B90}</UniqueIdentifier>
    </Filter>
    <Filter Include="ThirdParty\libopus">
      <UniqueIdentifier>{7C2F9B41-3E58-4A6D-9B12-8D4E0F63C5A7}</UniqueIdentifier>
    </Filter>
    <Filter Include="ThirdParty\libwebm">
      <UniqueIdentifier>{E2C4A7B1-5D36-4F8E-B2A9-7C1D3E5F9A04}</UniqueIdentifier>
    </Filter>
  </ItemGroup>
  <ItemGroup>
    <ClInclude Include="framework.h"><Filter>Header Files</Filter></ClInclude>
    <ClInclude Include="pch.h"><Filter>Header Files</Filter></ClInclude>
    <ClInclude Include="VideoAPI.h"><Filter>Header Files</Filter></ClInclude>
    <ClInclude Include="VideoAudio.h"><Filter>Header Files</Filter></ClInclude>
    <ClInclude Include="VideoImport.h"><Filter>Header Files</Filter></ClInclude>
    <ClInclude Include="VideoLayer.h"><Filter>Header Files</Filter></ClInclude>
    <ClInclude Include="VideoPlayer.h"><Filter>Header Files</Filter></ClInclude>
    <ClInclude Include="VideoPlayerWindow.h"><Filter>Header Files</Filter></ClInclude>
    <ClInclude Include="VideoTexture.h"><Filter>Header Files</Filter></ClInclude>
    <ClInclude Include="VpxDecoder.h"><Filter>Header Files</Filter></ClInclude>
    <ClInclude Include="WebmDemuxer.h"><Filter>Header Files</Filter></ClInclude>
  </ItemGroup>
  <ItemGroup>
    <ClCompile Include="dllmain.cpp"><Filter>Source Files</Filter></ClCompile>
    <ClCompile Include="VideoAudio.cpp"><Filter>Source Files</Filter></ClCompile>
    <ClCompile Include="VideoImport.cpp"><Filter>Source Files</Filter></ClCompile>
    <ClCompile Include="VideoLayer.cpp"><Filter>Source Files</Filter></ClCompile>
    <ClCompile Include="VideoPlayer.cpp"><Filter>Source Files</Filter></ClCompile>
    <ClCompile Include="VideoPlayerWindow.cpp"><Filter>Source Files</Filter></ClCompile>
    <ClCompile Include="VideoTexture.cpp"><Filter>Source Files</Filter></ClCompile>
    <ClCompile Include="VpxDecoder.cpp"><Filter>Source Files</Filter></ClCompile>
    <ClCompile Include="WebmDemuxer.cpp"><Filter>Source Files</Filter></ClCompile>
    <ClCompile Include="..\SDKs\libwebm-libwebm-1.0.0.32\mkvparser\mkvparser.cc"><Filter>ThirdParty\libwebm</Filter></ClCompile>
    <ClCompile Include="..\SDKs\opus-1.5.2\celt\bands.c"><Filter>ThirdParty\libopus</Filter></ClCompile>
    <ClCompile Include="..\SDKs\opus-1.5.2\celt\celt.c"><Filter>ThirdParty\libopus</Filter></ClCompile>
    <ClCompile Include="..\SDKs\opus-1.5.2\celt\celt_encoder.c"><Filter>ThirdParty\libopus</Filter></ClCompile>
    <ClCompile Include="..\SDKs\opus-1.5.2\celt\celt_decoder.c"><Filter>ThirdParty\libopus</Filter></ClCompile>
    <ClCompile Include="..\SDKs\opus-1.5.2\celt\cwrs.c"><Filter>ThirdParty\libopus</Filter></ClCompile>
    <ClCompile Include="..\SDKs\opus-1.5.2\celt\entcode.c"><Filter>ThirdParty\libopus</Filter></ClCompile>
    <ClCompile Include="..\SDKs\opus-1.5.2\celt\entdec.c"><Filter>ThirdParty\libopus</Filter></ClCompile>
    <ClCompile Include="..\SDKs\opus-1.5.2\celt\entenc.c"><Filter>ThirdParty\libopus</Filter></ClCompile>
    <ClCompile Include="..\SDKs\opus-1.5.2\celt\kiss_fft.c"><Filter>ThirdParty\libopus</Filter></ClCompile>
    <ClCompile Include="..\SDKs\opus-1.5.2\celt\laplace.c"><Filter>ThirdParty\libopus</Filter></ClCompile>
    <ClCompile Include="..\SDKs\opus-1.5.2\celt\mathops.c"><Filter>ThirdParty\libopus</Filter></ClCompile>
    <ClCompile Include="..\SDKs\opus-1.5.2\celt\mdct.c"><Filter>ThirdParty\libopus</Filter></ClCompile>
    <ClCompile Include="..\SDKs\opus-1.5.2\celt\modes.c"><Filter>ThirdParty\libopus</Filter></ClCompile>
    <ClCompile Include="..\SDKs\opus-1.5.2\celt\pitch.c"><Filter>ThirdParty\libopus</Filter></ClCompile>
    <ClCompile Include="..\SDKs\opus-1.5.2\celt\celt_lpc.c"><Filter>ThirdParty\libopus</Filter></ClCompile>
    <ClCompile Include="..\SDKs\opus-1.5.2\celt\quant_bands.c"><Filter>ThirdParty\libopus</Filter></ClCompile>
    <ClCompile Include="..\SDKs\opus-1.5.2\celt\rate.c"><Filter>ThirdParty\libopus</Filter></ClCompile>
    <ClCompile Include="..\SDKs\opus-1.5.2\celt\vq.c"><Filter>ThirdParty\libopus</Filter></ClCompile>
    <ClCompile Include="..\SDKs\opus-1.5.2\silk\CNG.c"><Filter>ThirdParty\libopus</Filter></ClCompile>
    <ClCompile Include="..\SDKs\opus-1.5.2\silk\code_signs.c"><Filter>ThirdParty\libopus</Filter></ClCompile>
    <ClCompile Include="..\SDKs\opus-1.5.2\silk\init_decoder.c"><Filter>ThirdParty\libopus</Filter></ClCompile>
    <ClCompile Include="..\SDKs\opus-1.5.2\silk\decode_core.c"><Filter>ThirdParty\libopus</Filter></ClCompile>
    <ClCompile Include="..\SDKs\opus-1.5.2\silk\decode_frame.c"><Filter>ThirdParty\libopus</Filter></ClCompile>
    <ClCompile Include="..\SDKs\opus-1.5.2\silk\decode_parameters.c"><Filter>ThirdParty\libopus</Filter></ClCompile>
    <ClCompile Include="..\SDKs\opus-1.5.2\silk\decode_indices.c"><Filter>ThirdParty\libopus</Filter></ClCompile>
    <ClCompile Include="..\SDKs\opus-1.5.2\silk\decode_pulses.c"><Filter>ThirdParty\libopus</Filter></ClCompile>
    <ClCompile Include="..\SDKs\opus-1.5.2\silk\decoder_set_fs.c"><Filter>ThirdParty\libopus</Filter></ClCompile>
    <ClCompile Include="..\SDKs\opus-1.5.2\silk\dec_API.c"><Filter>ThirdParty\libopus</Filter></ClCompile>
    <ClCompile Include="..\SDKs\opus-1.5.2\silk\enc_API.c"><Filter>ThirdParty\libopus</Filter></ClCompile>
    <ClCompile Include="..\SDKs\opus-1.5.2\silk\encode_indices.c"><Filter>ThirdParty\libopus</Filter></ClCompile>
    <ClCompile Include="..\SDKs\opus-1.5.2\silk\encode_pulses.c"><Filter>ThirdParty\libopus</Filter></ClCompile>
    <ClCompile Include="..\SDKs\opus-1.5.2\silk\gain_quant.c"><Filter>ThirdParty\libopus</Filter></ClCompile>
    <ClCompile Include="..\SDKs\opus-1.5.2\silk\interpolate.c"><Filter>ThirdParty\libopus</Filter></ClCompile>
    <ClCompile Include="..\SDKs\opus-1.5.2\silk\LP_variable_cutoff.c"><Filter>ThirdParty\libopus</Filter></ClCompile>
    <ClCompile Include="..\SDKs\opus-1.5.2\silk\NLSF_decode.c"><Filter>ThirdParty\libopus</Filter></ClCompile>
    <ClCompile Include="..\SDKs\opus-1.5.2\silk\NSQ.c"><Filter>ThirdParty\libopus</Filter></ClCompile>
    <ClCompile Include="..\SDKs\opus-1.5.2\silk\NSQ_del_dec.c"><Filter>ThirdParty\libopus</Filter></ClCompile>
    <ClCompile Include="..\SDKs\opus-1.5.2\silk\PLC.c"><Filter>ThirdParty\libopus</Filter></ClCompile>
    <ClCompile Include="..\SDKs\opus-1.5.2\silk\shell_coder.c"><Filter>ThirdParty\libopus</Filter></ClCompile>
    <ClCompile Include="..\SDKs\opus-1.5.2\silk\tables_gain.c"><Filter>ThirdParty\libopus</Filter></ClCompile>
    <ClCompile Include="..\SDKs\opus-1.5.2\silk\tables_LTP.c"><Filter>ThirdParty\libopus</Filter></ClCompile>
    <ClCompile Include="..\SDKs\opus-1.5.2\silk\tables_NLSF_CB_NB_MB.c"><Filter>ThirdParty\libopus</Filter></ClCompile>
    <ClCompile Include="..\SDKs\opus-1.5.2\silk\tables_NLSF_CB_WB.c"><Filter>ThirdParty\libopus</Filter></ClCompile>
    <ClCompile Include="..\SDKs\opus-1.5.2\silk\tables_other.c"><Filter>ThirdParty\libopus</Filter></ClCompile>
    <ClCompile Include="..\SDKs\opus-1.5.2\silk\tables_pitch_lag.c"><Filter>ThirdParty\libopus</Filter></ClCompile>
    <ClCompile Include="..\SDKs\opus-1.5.2\silk\tables_pulses_per_block.c"><Filter>ThirdParty\libopus</Filter></ClCompile>
    <ClCompile Include="..\SDKs\opus-1.5.2\silk\VAD.c"><Filter>ThirdParty\libopus</Filter></ClCompile>
    <ClCompile Include="..\SDKs\opus-1.5.2\silk\control_audio_bandwidth.c"><Filter>ThirdParty\libopus</Filter></ClCompile>
    <ClCompile Include="..\SDKs\opus-1.5.2\silk\quant_LTP_gains.c"><Filter>ThirdParty\libopus</Filter></ClCompile>
    <ClCompile Include="..\SDKs\opus-1.5.2\silk\VQ_WMat_EC.c"><Filter>ThirdParty\libopus</Filter></ClCompile>
    <ClCompile Include="..\SDKs\opus-1.5.2\silk\HP_variable_cutoff.c"><Filter>ThirdParty\libopus</Filter></ClCompile>
    <ClCompile Include="..\SDKs\opus-1.5.2\silk\NLSF_encode.c"><Filter>ThirdParty\libopus</Filter></ClCompile>
    <ClCompile Include="..\SDKs\opus-1.5.2\silk\NLSF_VQ.c"><Filter>ThirdParty\libopus</Filter></ClCompile>
    <ClCompile Include="..\SDKs\opus-1.5.2\silk\NLSF_unpack.c"><Filter>ThirdParty\libopus</Filter></ClCompile>
    <ClCompile Include="..\SDKs\opus-1.5.2\silk\NLSF_del_dec_quant.c"><Filter>ThirdParty\libopus</Filter></ClCompile>
    <ClCompile Include="..\SDKs\opus-1.5.2\silk\process_NLSFs.c"><Filter>ThirdParty\libopus</Filter></ClCompile>
    <ClCompile Include="..\SDKs\opus-1.5.2\silk\stereo_LR_to_MS.c"><Filter>ThirdParty\libopus</Filter></ClCompile>
    <ClCompile Include="..\SDKs\opus-1.5.2\silk\stereo_MS_to_LR.c"><Filter>ThirdParty\libopus</Filter></ClCompile>
    <ClCompile Include="..\SDKs\opus-1.5.2\silk\check_control_input.c"><Filter>ThirdParty\libopus</Filter></ClCompile>
    <ClCompile Include="..\SDKs\opus-1.5.2\silk\control_SNR.c"><Filter>ThirdParty\libopus</Filter></ClCompile>
    <ClCompile Include="..\SDKs\opus-1.5.2\silk\init_encoder.c"><Filter>ThirdParty\libopus</Filter></ClCompile>
    <ClCompile Include="..\SDKs\opus-1.5.2\silk\control_codec.c"><Filter>ThirdParty\libopus</Filter></ClCompile>
    <ClCompile Include="..\SDKs\opus-1.5.2\silk\A2NLSF.c"><Filter>ThirdParty\libopus</Filter></ClCompile>
    <ClCompile Include="..\SDKs\opus-1.5.2\silk\ana_filt_bank_1.c"><Filter>ThirdParty\libopus</Filter></ClCompile>
    <ClCompile Include="..\SDKs\opus-1.5.2\silk\biquad_alt.c"><Filter>ThirdParty\libopus</Filter></ClCompile>
    <ClCompile Include="..\SDKs\opus-1.5.2\silk\bwexpander_32.c"><Filter>ThirdParty\libopus</Filter></ClCompile>
    <ClCompile Include="..\SDKs\opus-1.5.2\silk\bwexpander.c"><Filter>ThirdParty\libopus</Filter></ClCompile>
    <ClCompile Include="..\SDKs\opus-1.5.2\silk\debug.c"><Filter>ThirdParty\libopus</Filter></ClCompile>
    <ClCompile Include="..\SDKs\opus-1.5.2\silk\decode_pitch.c"><Filter>ThirdParty\libopus</Filter></ClCompile>
    <ClCompile Include="..\SDKs\opus-1.5.2\silk\inner_prod_aligned.c"><Filter>ThirdParty\libopus</Filter></ClCompile>
    <ClCompile Include="..\SDKs\opus-1.5.2\silk\lin2log.c"><Filter>ThirdParty\libopus</Filter></ClCompile>
    <ClCompile Include="..\SDKs\opus-1.5.2\silk\log2lin.c"><Filter>ThirdParty\libopus</Filter></ClCompile>
    <ClCompile Include="..\SDKs\opus-1.5.2\silk\LPC_analysis_filter.c"><Filter>ThirdParty\libopus</Filter></ClCompile>
    <ClCompile Include="..\SDKs\opus-1.5.2\silk\LPC_inv_pred_gain.c"><Filter>ThirdParty\libopus</Filter></ClCompile>
    <ClCompile Include="..\SDKs\opus-1.5.2\silk\table_LSF_cos.c"><Filter>ThirdParty\libopus</Filter></ClCompile>
    <ClCompile Include="..\SDKs\opus-1.5.2\silk\NLSF2A.c"><Filter>ThirdParty\libopus</Filter></ClCompile>
    <ClCompile Include="..\SDKs\opus-1.5.2\silk\NLSF_stabilize.c"><Filter>ThirdParty\libopus</Filter></ClCompile>
    <ClCompile Include="..\SDKs\opus-1.5.2\silk\NLSF_VQ_weights_laroia.c"><Filter>ThirdParty\libopus</Filter></ClCompile>
    <ClCompile Include="..\SDKs\opus-1.5.2\silk\pitch_est_tables.c"><Filter>ThirdParty\libopus</Filter></ClCompile>
    <ClCompile Include="..\SDKs\opus-1.5.2\silk\resampler.c"><Filter>ThirdParty\libopus</Filter></ClCompile>
    <ClCompile Include="..\SDKs\opus-1.5.2\silk\resampler_down2_3.c"><Filter>ThirdParty\libopus</Filter></ClCompile>
    <ClCompile Include="..\SDKs\opus-1.5.2\silk\resampler_down2.c"><Filter>ThirdParty\libopus</Filter></ClCompile>
    <ClCompile Include="..\SDKs\opus-1.5.2\silk\resampler_private_AR2.c"><Filter>ThirdParty\libopus</Filter></ClCompile>
    <ClCompile Include="..\SDKs\opus-1.5.2\silk\resampler_private_down_FIR.c"><Filter>ThirdParty\libopus</Filter></ClCompile>
    <ClCompile Include="..\SDKs\opus-1.5.2\silk\resampler_private_IIR_FIR.c"><Filter>ThirdParty\libopus</Filter></ClCompile>
    <ClCompile Include="..\SDKs\opus-1.5.2\silk\resampler_private_up2_HQ.c"><Filter>ThirdParty\libopus</Filter></ClCompile>
    <ClCompile Include="..\SDKs\opus-1.5.2\silk\resampler_rom.c"><Filter>ThirdParty\libopus</Filter></ClCompile>
    <ClCompile Include="..\SDKs\opus-1.5.2\silk\sigm_Q15.c"><Filter>ThirdParty\libopus</Filter></ClCompile>
    <ClCompile Include="..\SDKs\opus-1.5.2\silk\sort.c"><Filter>ThirdParty\libopus</Filter></ClCompile>
    <ClCompile Include="..\SDKs\opus-1.5.2\silk\sum_sqr_shift.c"><Filter>ThirdParty\libopus</Filter></ClCompile>
    <ClCompile Include="..\SDKs\opus-1.5.2\silk\stereo_decode_pred.c"><Filter>ThirdParty\libopus</Filter></ClCompile>
    <ClCompile Include="..\SDKs\opus-1.5.2\silk\stereo_encode_pred.c"><Filter>ThirdParty\libopus</Filter></ClCompile>
    <ClCompile Include="..\SDKs\opus-1.5.2\silk\stereo_find_predictor.c"><Filter>ThirdParty\libopus</Filter></ClCompile>
    <ClCompile Include="..\SDKs\opus-1.5.2\silk\stereo_quant_pred.c"><Filter>ThirdParty\libopus</Filter></ClCompile>
    <ClCompile Include="..\SDKs\opus-1.5.2\silk\LPC_fit.c"><Filter>ThirdParty\libopus</Filter></ClCompile>
    <ClCompile Include="..\SDKs\opus-1.5.2\silk\float\apply_sine_window_FLP.c"><Filter>ThirdParty\libopus</Filter></ClCompile>
    <ClCompile Include="..\SDKs\opus-1.5.2\silk\float\corrMatrix_FLP.c"><Filter>ThirdParty\libopus</Filter></ClCompile>
    <ClCompile Include="..\SDKs\opus-1.5.2\silk\float\encode_frame_FLP.c"><Filter>ThirdParty\libopus</Filter></ClCompile>
    <ClCompile Include="..\SDKs\opus-1.5.2\silk\float\find_LPC_FLP.c"><Filter>ThirdParty\libopus</Filter></ClCompile>
    <ClCompile Include="..\SDKs\opus-1.5.2\silk\float\find_LTP_FLP.c"><Filter>ThirdParty\libopus</Filter></ClCompile>
    <ClCompile Include="..\SDKs\opus-1.5.2\silk\float\find_pitch_lags_FLP.c"><Filter>ThirdParty\libopus</Filter></ClCompile>
    <ClCompile Include="..\SDKs\opus-1.5.2\silk\float\find_pred_coefs_FLP.c"><Filter>ThirdParty\libopus</Filter></ClCompile>
    <ClCompile Include="..\SDKs\opus-1.5.2\silk\float\LPC_analysis_filter_FLP.c"><Filter>ThirdParty\libopus</Filter></ClCompile>
    <ClCompile Include="..\SDKs\opus-1.5.2\silk\float\LTP_analysis_filter_FLP.c"><Filter>ThirdParty\libopus</Filter></ClCompile>
    <ClCompile Include="..\SDKs\opus-1.5.2\silk\float\LTP_scale_ctrl_FLP.c"><Filter>ThirdParty\libopus</Filter></ClCompile>
    <ClCompile Include="..\SDKs\opus-1.5.2\silk\float\noise_shape_analysis_FLP.c"><Filter>ThirdParty\libopus</Filter></ClCompile>
    <ClCompile Include="..\SDKs\opus-1.5.2\silk\float\process_gains_FLP.c"><Filter>ThirdParty\libopus</Filter></ClCompile>
    <ClCompile Include="..\SDKs\opus-1.5.2\silk\float\regularize_correlations_FLP.c"><Filter>ThirdParty\libopus</Filter></ClCompile>
    <ClCompile Include="..\SDKs\opus-1.5.2\silk\float\residual_energy_FLP.c"><Filter>ThirdParty\libopus</Filter></ClCompile>
    <ClCompile Include="..\SDKs\opus-1.5.2\silk\float\warped_autocorrelation_FLP.c"><Filter>ThirdParty\libopus</Filter></ClCompile>
    <ClCompile Include="..\SDKs\opus-1.5.2\silk\float\wrappers_FLP.c"><Filter>ThirdParty\libopus</Filter></ClCompile>
    <ClCompile Include="..\SDKs\opus-1.5.2\silk\float\autocorrelation_FLP.c"><Filter>ThirdParty\libopus</Filter></ClCompile>
    <ClCompile Include="..\SDKs\opus-1.5.2\silk\float\burg_modified_FLP.c"><Filter>ThirdParty\libopus</Filter></ClCompile>
    <ClCompile Include="..\SDKs\opus-1.5.2\silk\float\bwexpander_FLP.c"><Filter>ThirdParty\libopus</Filter></ClCompile>
    <ClCompile Include="..\SDKs\opus-1.5.2\silk\float\energy_FLP.c"><Filter>ThirdParty\libopus</Filter></ClCompile>
    <ClCompile Include="..\SDKs\opus-1.5.2\silk\float\inner_product_FLP.c"><Filter>ThirdParty\libopus</Filter></ClCompile>
    <ClCompile Include="..\SDKs\opus-1.5.2\silk\float\k2a_FLP.c"><Filter>ThirdParty\libopus</Filter></ClCompile>
    <ClCompile Include="..\SDKs\opus-1.5.2\silk\float\LPC_inv_pred_gain_FLP.c"><Filter>ThirdParty\libopus</Filter></ClCompile>
    <ClCompile Include="..\SDKs\opus-1.5.2\silk\float\pitch_analysis_core_FLP.c"><Filter>ThirdParty\libopus</Filter></ClCompile>
    <ClCompile Include="..\SDKs\opus-1.5.2\silk\float\scale_copy_vector_FLP.c"><Filter>ThirdParty\libopus</Filter></ClCompile>
    <ClCompile Include="..\SDKs\opus-1.5.2\silk\float\scale_vector_FLP.c"><Filter>ThirdParty\libopus</Filter></ClCompile>
    <ClCompile Include="..\SDKs\opus-1.5.2\silk\float\schur_FLP.c"><Filter>ThirdParty\libopus</Filter></ClCompile>
    <ClCompile Include="..\SDKs\opus-1.5.2\silk\float\sort_FLP.c"><Filter>ThirdParty\libopus</Filter></ClCompile>
    <ClCompile Include="..\SDKs\opus-1.5.2\src\opus.c"><Filter>ThirdParty\libopus</Filter></ClCompile>
    <ClCompile Include="..\SDKs\opus-1.5.2\src\opus_decoder.c"><Filter>ThirdParty\libopus</Filter></ClCompile>
    <ClCompile Include="..\SDKs\opus-1.5.2\src\opus_encoder.c"><Filter>ThirdParty\libopus</Filter></ClCompile>
    <ClCompile Include="..\SDKs\opus-1.5.2\src\extensions.c"><Filter>ThirdParty\libopus</Filter></ClCompile>
    <ClCompile Include="..\SDKs\opus-1.5.2\src\opus_multistream.c"><Filter>ThirdParty\libopus</Filter></ClCompile>
    <ClCompile Include="..\SDKs\opus-1.5.2\src\opus_multistream_encoder.c"><Filter>ThirdParty\libopus</Filter></ClCompile>
    <ClCompile Include="..\SDKs\opus-1.5.2\src\opus_multistream_decoder.c"><Filter>ThirdParty\libopus</Filter></ClCompile>
    <ClCompile Include="..\SDKs\opus-1.5.2\src\repacketizer.c"><Filter>ThirdParty\libopus</Filter></ClCompile>
    <ClCompile Include="..\SDKs\opus-1.5.2\src\opus_projection_encoder.c"><Filter>ThirdParty\libopus</Filter></ClCompile>
    <ClCompile Include="..\SDKs\opus-1.5.2\src\opus_projection_decoder.c"><Filter>ThirdParty\libopus</Filter></ClCompile>
    <ClCompile Include="..\SDKs\opus-1.5.2\src\mapping_matrix.c"><Filter>ThirdParty\libopus</Filter></ClCompile>
    <ClCompile Include="..\SDKs\opus-1.5.2\src\analysis.c"><Filter>ThirdParty\libopus</Filter></ClCompile>
    <ClCompile Include="..\SDKs\opus-1.5.2\src\mlp.c"><Filter>ThirdParty\libopus</Filter></ClCompile>
    <ClCompile Include="..\SDKs\opus-1.5.2\src\mlp_data.c"><Filter>ThirdParty\libopus</Filter></ClCompile>
    <ClCompile Include="ThirdParty\libvpx_x64_asm_replacements.c"><Filter>ThirdParty\libvpx</Filter></ClCompile>
    <ClCompile Include="ThirdParty\libvpx_config\vpx_config.c"><Filter>ThirdParty\libvpx</Filter></ClCompile>
    <ClCompile Include="..\SDKs\libvpx-1.17.0\vp8\common\alloccommon.c"><Filter>ThirdParty\libvpx</Filter></ClCompile>
    <ClCompile Include="..\SDKs\libvpx-1.17.0\vp8\common\blockd.c"><Filter>ThirdParty\libvpx</Filter></ClCompile>
    <ClCompile Include="..\SDKs\libvpx-1.17.0\vp8\common\dequantize.c"><Filter>ThirdParty\libvpx</Filter></ClCompile>
    <ClCompile Include="..\SDKs\libvpx-1.17.0\vp8\common\entropy.c"><Filter>ThirdParty\libvpx</Filter></ClCompile>
    <ClCompile Include="..\SDKs\libvpx-1.17.0\vp8\common\entropymode.c"><Filter>ThirdParty\libvpx</Filter></ClCompile>
    <ClCompile Include="..\SDKs\libvpx-1.17.0\vp8\common\entropymv.c"><Filter>ThirdParty\libvpx</Filter></ClCompile>
    <ClCompile Include="..\SDKs\libvpx-1.17.0\vp8\common\extend.c"><Filter>ThirdParty\libvpx</Filter></ClCompile>
    <ClCompile Include="..\SDKs\libvpx-1.17.0\vp8\common\filter.c"><Filter>ThirdParty\libvpx</Filter></ClCompile>
    <ClCompile Include="..\SDKs\libvpx-1.17.0\vp8\common\findnearmv.c"><Filter>ThirdParty\libvpx</Filter></ClCompile>
    <ClCompile Include="..\SDKs\libvpx-1.17.0\vp8\common\generic\systemdependent.c"><Filter>ThirdParty\libvpx</Filter></ClCompile>
    <ClCompile Include="..\SDKs\libvpx-1.17.0\vp8\common\idct_blk.c"><Filter>ThirdParty\libvpx</Filter></ClCompile>
    <ClCompile Include="..\SDKs\libvpx-1.17.0\vp8\common\idctllm.c"><Filter>ThirdParty\libvpx</Filter></ClCompile>
    <ClCompile Include="..\SDKs\libvpx-1.17.0\vp8\common\loopfilter_filters.c"><Filter>ThirdParty\libvpx</Filter></ClCompile>
    <ClCompile Include="..\SDKs\libvpx-1.17.0\vp8\common\mbpitch.c"><Filter>ThirdParty\libvpx</Filter></ClCompile>
    <ClCompile Include="..\SDKs\libvpx-1.17.0\vp8\common\modecont.c"><Filter>ThirdParty\libvpx</Filter></ClCompile>
    <ClCompile Include="..\SDKs\libvpx-1.17.0\vp8\common\quant_common.c"><Filter>ThirdParty\libvpx</Filter></ClCompile>
    <ClCompile Include="..\SDKs\libvpx-1.17.0\vp8\common\reconinter.c"><Filter>ThirdParty\libvpx</Filter></ClCompile>
    <ClCompile Include="..\SDKs\libvpx-1.17.0\vp8\common\reconintra.c"><Filter>ThirdParty\libvpx</Filter></ClCompile>
    <ClCompile Include="..\SDKs\libvpx-1.17.0\vp8\common\reconintra4x4.c"><Filter>ThirdParty\libvpx</Filter></ClCompile>
    <ClCompile Include="..\SDKs\libvpx-1.17.0\vp8\common\rtcd.c"><Filter>ThirdParty\libvpx</Filter></ClCompile>
    <ClCompile Include="..\SDKs\libvpx-1.17.0\vp8\common\setupintrarecon.c"><Filter>ThirdParty\libvpx</Filter></ClCompile>
    <ClCompile Include="..\SDKs\libvpx-1.17.0\vp8\common\swapyv12buffer.c"><Filter>ThirdParty\libvpx</Filter></ClCompile>
    <ClCompile Include="..\SDKs\libvpx-1.17.0\vp8\common\treecoder.c"><Filter>ThirdParty\libvpx</Filter></ClCompile>
    <ClCompile Include="..\SDKs\libvpx-1.17.0\vp8\common\vp8_loopfilter.c"><Filter>ThirdParty\libvpx</Filter></ClCompile>
    <ClCompile Include="..\SDKs\libvpx-1.17.0\vp8\common\x86\bilinear_filter_sse2.c"><Filter>ThirdParty\libvpx</Filter></ClCompile>
    <ClCompile Include="..\SDKs\libvpx-1.17.0\vp8\decoder\dboolhuff.c"><Filter>ThirdParty\libvpx</Filter></ClCompile>
    <ClCompile Include="..\SDKs\libvpx-1.17.0\vp8\decoder\decodeframe.c"><Filter>ThirdParty\libvpx</Filter></ClCompile>
    <ClCompile Include="..\SDKs\libvpx-1.17.0\vp8\decoder\decodemv.c"><Filter>ThirdParty\libvpx</Filter></ClCompile>
    <ClCompile Include="..\SDKs\libvpx-1.17.0\vp8\decoder\detokenize.c"><Filter>ThirdParty\libvpx</Filter></ClCompile>
    <ClCompile Include="..\SDKs\libvpx-1.17.0\vp8\decoder\onyxd_if.c"><Filter>ThirdParty\libvpx</Filter></ClCompile>
    <ClCompile Include="..\SDKs\libvpx-1.17.0\vp8\decoder\threading.c"><Filter>ThirdParty\libvpx</Filter></ClCompile>
    <ClCompile Include="..\SDKs\libvpx-1.17.0\vp8\vp8_dx_iface.c"><Filter>ThirdParty\libvpx</Filter></ClCompile>
    <ClCompile Include="..\SDKs\libvpx-1.17.0\vp9\common\vp9_alloccommon.c"><Filter>ThirdParty\libvpx</Filter></ClCompile>
    <ClCompile Include="..\SDKs\libvpx-1.17.0\vp9\common\vp9_blockd.c"><Filter>ThirdParty\libvpx</Filter></ClCompile>
    <ClCompile Include="..\SDKs\libvpx-1.17.0\vp9\common\vp9_common_data.c"><Filter>ThirdParty\libvpx</Filter></ClCompile>
    <ClCompile Include="..\SDKs\libvpx-1.17.0\vp9\common\vp9_entropy.c"><Filter>ThirdParty\libvpx</Filter></ClCompile>
    <ClCompile Include="..\SDKs\libvpx-1.17.0\vp9\common\vp9_entropymode.c"><Filter>ThirdParty\libvpx</Filter></ClCompile>
    <ClCompile Include="..\SDKs\libvpx-1.17.0\vp9\common\vp9_entropymv.c"><Filter>ThirdParty\libvpx</Filter></ClCompile>
    <ClCompile Include="..\SDKs\libvpx-1.17.0\vp9\common\vp9_filter.c"><Filter>ThirdParty\libvpx</Filter></ClCompile>
    <ClCompile Include="..\SDKs\libvpx-1.17.0\vp9\common\vp9_frame_buffers.c"><Filter>ThirdParty\libvpx</Filter></ClCompile>
    <ClCompile Include="..\SDKs\libvpx-1.17.0\vp9\common\vp9_idct.c"><Filter>ThirdParty\libvpx</Filter></ClCompile>
    <ClCompile Include="..\SDKs\libvpx-1.17.0\vp9\common\vp9_loopfilter.c"><Filter>ThirdParty\libvpx</Filter></ClCompile>
    <ClCompile Include="..\SDKs\libvpx-1.17.0\vp9\common\vp9_mvref_common.c"><Filter>ThirdParty\libvpx</Filter></ClCompile>
    <ClCompile Include="..\SDKs\libvpx-1.17.0\vp9\common\vp9_pred_common.c"><Filter>ThirdParty\libvpx</Filter></ClCompile>
    <ClCompile Include="..\SDKs\libvpx-1.17.0\vp9\common\vp9_quant_common.c"><Filter>ThirdParty\libvpx</Filter></ClCompile>
    <ClCompile Include="..\SDKs\libvpx-1.17.0\vp9\common\vp9_reconinter.c"><Filter>ThirdParty\libvpx</Filter></ClCompile>
    <ClCompile Include="..\SDKs\libvpx-1.17.0\vp9\common\vp9_reconintra.c"><Filter>ThirdParty\libvpx</Filter></ClCompile>
    <ClCompile Include="..\SDKs\libvpx-1.17.0\vp9\common\vp9_rtcd.c"><Filter>ThirdParty\libvpx</Filter></ClCompile>
    <ClCompile Include="..\SDKs\libvpx-1.17.0\vp9\common\vp9_scale.c"><Filter>ThirdParty\libvpx</Filter></ClCompile>
    <ClCompile Include="..\SDKs\libvpx-1.17.0\vp9\common\vp9_scan.c"><Filter>ThirdParty\libvpx</Filter></ClCompile>
    <ClCompile Include="..\SDKs\libvpx-1.17.0\vp9\common\vp9_seg_common.c"><Filter>ThirdParty\libvpx</Filter></ClCompile>
    <ClCompile Include="..\SDKs\libvpx-1.17.0\vp9\common\vp9_thread_common.c"><Filter>ThirdParty\libvpx</Filter></ClCompile>
    <ClCompile Include="..\SDKs\libvpx-1.17.0\vp9\common\vp9_tile_common.c"><Filter>ThirdParty\libvpx</Filter></ClCompile>
    <ClCompile Include="..\SDKs\libvpx-1.17.0\vp9\common\x86\vp9_idct_intrin_sse2.c"><Filter>ThirdParty\libvpx</Filter></ClCompile>
    <ClCompile Include="..\SDKs\libvpx-1.17.0\vp9\decoder\vp9_decodeframe.c"><Filter>ThirdParty\libvpx</Filter></ClCompile>
    <ClCompile Include="..\SDKs\libvpx-1.17.0\vp9\decoder\vp9_decodemv.c"><Filter>ThirdParty\libvpx</Filter></ClCompile>
    <ClCompile Include="..\SDKs\libvpx-1.17.0\vp9\decoder\vp9_decoder.c"><Filter>ThirdParty\libvpx</Filter></ClCompile>
    <ClCompile Include="..\SDKs\libvpx-1.17.0\vp9\decoder\vp9_detokenize.c"><Filter>ThirdParty\libvpx</Filter></ClCompile>
    <ClCompile Include="..\SDKs\libvpx-1.17.0\vp9\decoder\vp9_dsubexp.c"><Filter>ThirdParty\libvpx</Filter></ClCompile>
    <ClCompile Include="..\SDKs\libvpx-1.17.0\vp9\decoder\vp9_job_queue.c"><Filter>ThirdParty\libvpx</Filter></ClCompile>
    <ClCompile Include="..\SDKs\libvpx-1.17.0\vp9\vp9_dx_iface.c"><Filter>ThirdParty\libvpx</Filter></ClCompile>
    <ClCompile Include="..\SDKs\libvpx-1.17.0\vp9\vp9_iface_common.c"><Filter>ThirdParty\libvpx</Filter></ClCompile>
    <ClCompile Include="..\SDKs\libvpx-1.17.0\vpx\src\vpx_codec.c"><Filter>ThirdParty\libvpx</Filter></ClCompile>
    <ClCompile Include="..\SDKs\libvpx-1.17.0\vpx\src\vpx_decoder.c"><Filter>ThirdParty\libvpx</Filter></ClCompile>
    <ClCompile Include="..\SDKs\libvpx-1.17.0\vpx\src\vpx_image.c"><Filter>ThirdParty\libvpx</Filter></ClCompile>
    <ClCompile Include="..\SDKs\libvpx-1.17.0\vpx_dsp\bitreader.c"><Filter>ThirdParty\libvpx</Filter></ClCompile>
    <ClCompile Include="..\SDKs\libvpx-1.17.0\vpx_dsp\bitreader_buffer.c"><Filter>ThirdParty\libvpx</Filter></ClCompile>
    <ClCompile Include="..\SDKs\libvpx-1.17.0\vpx_dsp\intrapred.c"><Filter>ThirdParty\libvpx</Filter></ClCompile>
    <ClCompile Include="..\SDKs\libvpx-1.17.0\vpx_dsp\inv_txfm.c"><Filter>ThirdParty\libvpx</Filter></ClCompile>
    <ClCompile Include="..\SDKs\libvpx-1.17.0\vpx_dsp\loopfilter.c"><Filter>ThirdParty\libvpx</Filter></ClCompile>
    <ClCompile Include="..\SDKs\libvpx-1.17.0\vpx_dsp\prob.c"><Filter>ThirdParty\libvpx</Filter></ClCompile>
    <ClCompile Include="..\SDKs\libvpx-1.17.0\vpx_dsp\skin_detection.c"><Filter>ThirdParty\libvpx</Filter></ClCompile>
    <ClCompile Include="..\SDKs\libvpx-1.17.0\vpx_dsp\vpx_convolve.c"><Filter>ThirdParty\libvpx</Filter></ClCompile>
    <ClCompile Include="..\SDKs\libvpx-1.17.0\vpx_dsp\vpx_dsp_rtcd.c"><Filter>ThirdParty\libvpx</Filter></ClCompile>
    <ClCompile Include="..\SDKs\libvpx-1.17.0\vpx_dsp\x86\inv_txfm_avx2.c"><Filter>ThirdParty\libvpx</Filter></ClCompile>
    <ClCompile Include="..\SDKs\libvpx-1.17.0\vpx_dsp\x86\inv_txfm_sse2.c"><Filter>ThirdParty\libvpx</Filter></ClCompile>
    <ClCompile Include="..\SDKs\libvpx-1.17.0\vpx_dsp\x86\inv_txfm_ssse3.c"><Filter>ThirdParty\libvpx</Filter></ClCompile>
    <ClCompile Include="..\SDKs\libvpx-1.17.0\vpx_dsp\x86\loopfilter_avx2.c"><Filter>ThirdParty\libvpx</Filter></ClCompile>
    <ClCompile Include="..\SDKs\libvpx-1.17.0\vpx_dsp\x86\loopfilter_sse2.c"><Filter>ThirdParty\libvpx</Filter></ClCompile>
    <ClCompile Include="..\SDKs\libvpx-1.17.0\vpx_mem\vpx_mem.c"><Filter>ThirdParty\libvpx</Filter></ClCompile>
    <ClCompile Include="..\SDKs\libvpx-1.17.0\vpx_scale\generic\gen_scalers.c"><Filter>ThirdParty\libvpx</Filter></ClCompile>
    <ClCompile Include="..\SDKs\libvpx-1.17.0\vpx_scale\generic\vpx_scale.c"><Filter>ThirdParty\libvpx</Filter></ClCompile>
    <ClCompile Include="..\SDKs\libvpx-1.17.0\vpx_scale\generic\yv12config.c"><Filter>ThirdParty\libvpx</Filter></ClCompile>
    <ClCompile Include="..\SDKs\libvpx-1.17.0\vpx_scale\generic\yv12extend.c"><Filter>ThirdParty\libvpx</Filter></ClCompile>
    <ClCompile Include="..\SDKs\libvpx-1.17.0\vpx_scale\vpx_scale_rtcd.c"><Filter>ThirdParty\libvpx</Filter></ClCompile>
    <ClCompile Include="..\SDKs\libvpx-1.17.0\vpx_util\vpx_thread.c"><Filter>ThirdParty\libvpx</Filter></ClCompile>
    <ClCompile Include="..\SDKs\libvpx-1.17.0\vpx_util\vpx_write_yuv_frame.c"><Filter>ThirdParty\libvpx</Filter></ClCompile>
  </ItemGroup>
</Project>
